// !$*UTF8*$!
{
	archiveVersion = 1;
	classes = {
	};
	objectVersion = 46;
	objects = {

/* Begin PBXBuildFile section */
		854DE7971A9694C800B441ED /* AppDelegate.swift in Sources */ = {isa = PBXBuildFile; fileRef = 854DE7961A9694C800B441ED /* AppDelegate.swift */; };
		854DE7991A9694C800B441ED /* ViewController.swift in Sources */ = {isa = PBXBuildFile; fileRef = 854DE7981A9694C800B441ED /* ViewController.swift */; };
		854DE79C1A9694C800B441ED /* Main.storyboard in Resources */ = {isa = PBXBuildFile; fileRef = 854DE79A1A9694C800B441ED /* Main.storyboard */; };
		854DE79E1A9694C800B441ED /* Images.xcassets in Resources */ = {isa = PBXBuildFile; fileRef = 854DE79D1A9694C800B441ED /* Images.xcassets */; };
		854DE7A11A9694C800B441ED /* LaunchScreen.xib in Resources */ = {isa = PBXBuildFile; fileRef = 854DE79F1A9694C800B441ED /* LaunchScreen.xib */; };
		854DE7AD1A9694C800B441ED /* RSSReaderTests.swift in Sources */ = {isa = PBXBuildFile; fileRef = 854DE7AC1A9694C800B441ED /* RSSReaderTests.swift */; };
/* End PBXBuildFile section */

/* Begin PBXContainerItemProxy section */
		854DE7A71A9694C800B441ED /* PBXContainerItemProxy */ = {
			isa = PBXContainerItemProxy;
			containerPortal = 854DE7891A9694C800B441ED /* Project object */;
			proxyType = 1;
			remoteGlobalIDString = 854DE7901A9694C800B441ED;
			remoteInfo = RSSReader;
		};
/* End PBXContainerItemProxy section */

/* Begin PBXFileReference section */
		854DE7911A9694C800B441ED /* RSSReader.app */ = {isa = PBXFileReference; explicitFileType = wrapper.application; includeInIndex = 0; path = RSSReader.app; sourceTree = BUILT_PRODUCTS_DIR; };
		854DE7951A9694C800B441ED /* Info.plist */ = {isa = PBXFileReference; lastKnownFileType = text.plist.xml; path = Info.plist; sourceTree = "<group>"; };
		854DE7961A9694C800B441ED /* AppDelegate.swift */ = {isa = PBXFileReference; lastKnownFileType = sourcecode.swift; path = AppDelegate.swift; sourceTree = "<group>"; };
		854DE7981A9694C800B441ED /* ViewController.swift */ = {isa = PBXFileReference; lastKnownFileType = sourcecode.swift; path = ViewController.swift; sourceTree = "<group>"; };
		854DE79B1A9694C800B441ED /* Base */ = {isa = PBXFileReference; lastKnownFileType = file.storyboard; name = Base; path = Base.lproj/Main.storyboard; sourceTree = "<group>"; };
		854DE79D1A9694C800B441ED /* Images.xcassets */ = {isa = PBXFileReference; lastKnownFileType = folder.assetcatalog; path = Images.xcassets; sourceTree = "<group>"; };
		854DE7A01A9694C800B441ED /* Base */ = {isa = PBXFileReference; lastKnownFileType = file.xib; name = Base; path = Base.lproj/LaunchScreen.xib; sourceTree = "<group>"; };
		854DE7A61A9694C800B441ED /* RSSReaderTests.xctest */ = {isa = PBXFileReference; explicitFileType = wrapper.cfbundle; includeInIndex = 0; path = RSSReaderTests.xctest; sourceTree = BUILT_PRODUCTS_DIR; };
		854DE7AB1A9694C800B441ED /* Info.plist */ = {isa = PBXFileReference; lastKnownFileType = text.plist.xml; path = Info.plist; sourceTree = "<group>"; };
		854DE7AC1A9694C800B441ED /* RSSReaderTests.swift */ = {isa = PBXFileReference; lastKnownFileType = sourcecode.swift; path = RSSReaderTests.swift; sourceTree = "<group>"; };
/* End PBXFileReference section */

/* Begin PBXFrameworksBuildPhase section */
		854DE78E1A9694C800B441ED /* Frameworks */ = {
			isa = PBXFrameworksBuildPhase;
			buildActionMask = 2147483647;
			files = (
			);
			runOnlyForDeploymentPostprocessing = 0;
		};
		854DE7A31A9694C800B441ED /* Frameworks */ = {
			isa = PBXFrameworksBuildPhase;
			buildActionMask = 2147483647;
			files = (
			);
			runOnlyForDeploymentPostprocessing = 0;
		};
/* End PBXFrameworksBuildPhase section */

/* Begin PBXGroup section */
		854DE7881A9694C800B441ED = {
			isa = PBXGroup;
			children = (
				854DE7931A9694C800B441ED /* RSSReader */,
				854DE7A91A9694C800B441ED /* RSSReaderTests */,
				854DE7921A9694C800B441ED /* Products */,
			);
			sourceTree = "<group>";
		};
		854DE7921A9694C800B441ED /* Products */ = {
			isa = PBXGroup;
			children = (
				854DE7911A9694C800B441ED /* RSSReader.app */,
				854DE7A61A9694C800B441ED /* RSSReaderTests.xctest */,
			);
			name = Products;
			sourceTree = "<group>";
		};
		854DE7931A9694C800B441ED /* RSSReader */ = {
			isa = PBXGroup;
			children = (
				854DE7961A9694C800B441ED /* AppDelegate.swift */,
				854DE7981A9694C800B441ED /* ViewController.swift */,
				854DE79A1A9694C800B441ED /* Main.storyboard */,
				854DE79D1A9694C800B441ED /* Images.xcassets */,
				854DE79F1A9694C800B441ED /* LaunchScreen.xib */,
				854DE7941A9694C800B441ED /* Supporting Files */,
			);
			path = RSSReader;
			sourceTree = "<group>";
		};
		854DE7941A9694C800B441ED /* Supporting Files */ = {
			isa = PBXGroup;
			children = (
				854DE7951A9694C800B441ED /* Info.plist */,
			);
			name = "Supporting Files";
			sourceTree = "<group>";
		};
		854DE7A91A9694C800B441ED /* RSSReaderTests */ = {
			isa = PBXGroup;
			children = (
				854DE7AC1A9694C800B441ED /* RSSReaderTests.swift */,
				854DE7AA1A9694C800B441ED /* Supporting Files */,
			);
			path = RSSReaderTests;
			sourceTree = "<group>";
		};
		854DE7AA1A9694C800B441ED /* Supporting Files */ = {
			isa = PBXGroup;
			children = (
				854DE7AB1A9694C800B441ED /* Info.plist */,
			);
			name = "Supporting Files";
			sourceTree = "<group>";
		};
/* End PBXGroup section */

/* Begin PBXNativeTarget section */
		854DE7901A9694C800B441ED /* RSSReader */ = {
			isa = PBXNativeTarget;
			buildConfigurationList = 854DE7B01A9694C800B441ED /* Build configuration list for PBXNativeTarget "RSSReader" */;
			buildPhases = (
				854DE78D1A9694C800B441ED /* Sources */,
				854DE78E1A9694C800B441ED /* Frameworks */,
				854DE78F1A9694C800B441ED /* Resources */,
			);
			buildRules = (
			);
			dependencies = (
			);
			name = RSSReader;
			productName = RSSReader;
			productReference = 854DE7911A9694C800B441ED /* RSSReader.app */;
			productType = "com.apple.product-type.application";
		};
		854DE7A51A9694C800B441ED /* RSSReaderTests */ = {
			isa = PBXNativeTarget;
			buildConfigurationList = 854DE7B31A9694C800B441ED /* Build configuration list for PBXNativeTarget "RSSReaderTests" */;
			buildPhases = (
				854DE7A21A9694C800B441ED /* Sources */,
				854DE7A31A9694C800B441ED /* Frameworks */,
				854DE7A41A9694C800B441ED /* Resources */,
			);
			buildRules = (
			);
			dependencies = (
				854DE7A81A9694C800B441ED /* PBXTargetDependency */,
			);
			name = RSSReaderTests;
			productName = RSSReaderTests;
			productReference = 854DE7A61A9694C800B441ED /* RSSReaderTests.xctest */;
			productType = "com.apple.product-type.bundle.unit-test";
		};
/* End PBXNativeTarget section */

/* Begin PBXProject section */
		854DE7891A9694C800B441ED /* Project object */ = {
			isa = PBXProject;
			attributes = {
				LastUpgradeCheck = 0610;
				ORGANIZATIONNAME = "Ziyang Tan";
				TargetAttributes = {
					854DE7901A9694C800B441ED = {
						CreatedOnToolsVersion = 6.1.1;
					};
					854DE7A51A9694C800B441ED = {
						CreatedOnToolsVersion = 6.1.1;
						TestTargetID = 854DE7901A9694C800B441ED;
					};
				};
			};
			buildConfigurationList = 854DE78C1A9694C800B441ED /* Build configuration list for PBXProject "RSSReader" */;
			compatibilityVersion = "Xcode 3.2";
			developmentRegion = English;
			hasScannedForEncodings = 0;
			knownRegions = (
				en,
				Base,
			);
			mainGroup = 854DE7881A9694C800B441ED;
			productRefGroup = 854DE7921A9694C800B441ED /* Products */;
			projectDirPath = "";
			projectRoot = "";
			targets = (
				854DE7901A9694C800B441ED /* RSSReader */,
				854DE7A51A9694C800B441ED /* RSSReaderTests */,
			);
		};
/* End PBXProject section */

/* Begin PBXResourcesBuildPhase section */
		854DE78F1A9694C800B441ED /* Resources */ = {
			isa = PBXResourcesBuildPhase;
			buildActionMask = 2147483647;
			files = (
				854DE79C1A9694C800B441ED /* Main.storyboard in Resources */,
				854DE7A11A9694C800B441ED /* LaunchScreen.xib in Resources */,
				854DE79E1A9694C800B441ED /* Images.xcassets in Resources */,
			);
			runOnlyForDeploymentPostprocessing = 0;
		};
		854DE7A41A9694C800B441ED /* Resources */ = {
			isa = PBXResourcesBuildPhase;
			buildActionMask = 2147483647;
			files = (
			);
			runOnlyForDeploymentPostprocessing = 0;
		};
/* End PBXResourcesBuildPhase section */

/* Begin PBXSourcesBuildPhase section */
		854DE78D1A9694C800B441ED /* Sources */ = {
			isa = PBXSourcesBuildPhase;
			buildActionMask = 2147483647;
			files = (
				854DE7991A9694C800B441ED /* ViewController.swift in Sources */,
				854DE7971A9694C800B441ED /* AppDelegate.swift in Sources */,
			);
			runOnlyForDeploymentPostprocessing = 0;
		};
		854DE7A21A9694C800B441ED /* Sources */ = {
			isa = PBXSourcesBuildPhase;
			buildActionMask = 2147483647;
			files = (
				854DE7AD1A9694C800B441ED /* RSSReaderTests.swift in Sources */,
			);
			runOnlyForDeploymentPostprocessing = 0;
		};
/* End PBXSourcesBuildPhase section */

/* Begin PBXTargetDependency section */
		854DE7A81A9694C800B441ED /* PBXTargetDependency */ = {
			isa = PBXTargetDependency;
			target = 854DE7901A9694C800B441ED /* RSSReader */;
			targetProxy = 854DE7A71A9694C800B441ED /* PBXContainerItemProxy */;
		};
/* End PBXTargetDependency section */

/* Begin PBXVariantGroup section */
		854DE79A1A9694C800B441ED /* Main.storyboard */ = {
			isa = PBXVariantGroup;
			children = (
				854DE79B1A9694C800B441ED /* Base */,
			);
			name = Main.storyboard;
			sourceTree = "<group>";
		};
		854DE79F1A9694C800B441ED /* LaunchScreen.xib */ = {
			isa = PBXVariantGroup;
			children = (
				854DE7A01A9694C800B441ED /* Base */,
			);
			name = LaunchScreen.xib;
			sourceTree = "<group>";
		};
/* End PBXVariantGroup section */

/* Begin XCBuildConfiguration section */
		854DE7AE1A9694C800B441ED /* Debug */ = {
			isa = XCBuildConfiguration;
			buildSettings = {
				ALWAYS_SEARCH_USER_PATHS = NO;
				CLANG_CXX_LANGUAGE_STANDARD = "gnu++0x";
				CLANG_CXX_LIBRARY = "libc++";
				CLANG_ENABLE_MODULES = YES;
				CLANG_ENABLE_OBJC_ARC = YES;
				CLANG_WARN_BOOL_CONVERSION = YES;
				CLANG_WARN_CONSTANT_CONVERSION = YES;
				CLANG_WARN_DIRECT_OBJC_ISA_USAGE = YES_ERROR;
				CLANG_WARN_EMPTY_BODY = YES;
				CLANG_WARN_ENUM_CONVERSION = YES;
				CLANG_WARN_INT_CONVERSION = YES;
				CLANG_WARN_OBJC_ROOT_CLASS = YES_ERROR;
				CLANG_WARN_UNREACHABLE_CODE = YES;
				CLANG_WARN__DUPLICATE_METHOD_MATCH = YES;
				"CODE_SIGN_IDENTITY[sdk=iphoneos*]" = "iPhone Developer";
				COPY_PHASE_STRIP = NO;
				ENABLE_STRICT_OBJC_MSGSEND = YES;
				GCC_C_LANGUAGE_STANDARD = gnu99;
				GCC_DYNAMIC_NO_PIC = NO;
				GCC_OPTIMIZATION_LEVEL = 0;
				GCC_PREPROCESSOR_DEFINITIONS = (
					"DEBUG=1",
					"$(inherited)",
				);
				GCC_SYMBOLS_PRIVATE_EXTERN = NO;
				GCC_WARN_64_TO_32_BIT_CONVERSION = YES;
				GCC_WARN_ABOUT_RETURN_TYPE = YES_ERROR;
				GCC_WARN_UNDECLARED_SELECTOR = YES;
				GCC_WARN_UNINITIALIZED_AUTOS = YES_AGGRESSIVE;
				GCC_WARN_UNUSED_FUNCTION = YES;
				GCC_WARN_UNUSED_VARIABLE = YES;
				IPHONEOS_DEPLOYMENT_TARGET = 8.1;
				MTL_ENABLE_DEBUG_INFO = YES;
				ONLY_ACTIVE_ARCH = YES;
				SDKROOT = iphoneos;
				SWIFT_OPTIMIZATION_LEVEL = "-Onone";
			};
			name = Debug;
		};
		854DE7AF1A9694C800B441ED /* Release */ = {
			isa = XCBuildConfiguration;
			buildSettings = {
				ALWAYS_SEARCH_USER_PATHS = NO;
				CLANG_CXX_LANGUAGE_STANDARD = "gnu++0x";
				CLANG_CXX_LIBRARY = "libc++";
				CLANG_ENABLE_MODULES = YES;
				CLANG_ENABLE_OBJC_ARC = YES;
				CLANG_WARN_BOOL_CONVERSION = YES;
				CLANG_WARN_CONSTANT_CONVERSION = YES;
				CLANG_WARN_DIRECT_OBJC_ISA_USAGE = YES_ERROR;
				CLANG_WARN_EMPTY_BODY = YES;
				CLANG_WARN_ENUM_CONVERSION = YES;
				CLANG_WARN_INT_CONVERSION = YES;
				CLANG_WARN_OBJC_ROOT_CLASS = YES_ERROR;
				CLANG_WARN_UNREACHABLE_CODE = YES;
				CLANG_WARN__DUPLICATE_METHOD_MATCH = YES;
				"CODE_SIGN_IDENTITY[sdk=iphoneos*]" = "iPhone Developer";
				COPY_PHASE_STRIP = YES;
				ENABLE_NS_ASSERTIONS = NO;
				ENABLE_STRICT_OBJC_MSGSEND = YES;
				GCC_C_LANGUAGE_STANDARD = gnu99;
				GCC_WARN_64_TO_32_BIT_CONVERSION = YES;
				GCC_WARN_ABOUT_RETURN_TYPE = YES_ERROR;
				GCC_WARN_UNDECLARED_SELECTOR = YES;
				GCC_WARN_UNINITIALIZED_AUTOS = YES_AGGRESSIVE;
				GCC_WARN_UNUSED_FUNCTION = YES;
				GCC_WARN_UNUSED_VARIABLE = YES;
				IPHONEOS_DEPLOYMENT_TARGET = 8.1;
				MTL_ENABLE_DEBUG_INFO = NO;
				SDKROOT = iphoneos;
				VALIDATE_PRODUCT = YES;
			};
			name = Release;
		};
		854DE7B11A9694C800B441ED /* Debug */ = {
			isa = XCBuildConfiguration;
			buildSettings = {
				ASSETCATALOG_COMPILER_APPICON_NAME = AppIcon;
				INFOPLIST_FILE = RSSReader/Info.plist;
				LD_RUNPATH_SEARCH_PATHS = "$(inherited) @executable_path/Frameworks";
				PRODUCT_NAME = "$(TARGET_NAME)";
			};
			name = Debug;
		};
		854DE7B21A9694C800B441ED /* Release */ = {
			isa = XCBuildConfiguration;
			buildSettings = {
				ASSETCATALOG_COMPILER_APPICON_NAME = AppIcon;
				INFOPLIST_FILE = RSSReader/Info.plist;
				LD_RUNPATH_SEARCH_PATHS = "$(inherited) @executable_path/Frameworks";
				PRODUCT_NAME = "$(TARGET_NAME)";
			};
			name = Release;
		};
		854DE7B41A9694C800B441ED /* Debug */ = {
			isa = XCBuildConfiguration;
			buildSettings = {
				BUNDLE_LOADER = "$(TEST_HOST)";
				FRAMEWORK_SEARCH_PATHS = (
					"$(SDKROOT)/Developer/Library/Frameworks",
					"$(inherited)",
				);
				GCC_PREPROCESSOR_DEFINITIONS = (
					"DEBUG=1",
					"$(inherited)",
				);
				INFOPLIST_FILE = RSSReaderTests/Info.plist;
				LD_RUNPATH_SEARCH_PATHS = "$(inherited) @executable_path/Frameworks @loader_path/Frameworks";
				PRODUCT_NAME = "$(TARGET_NAME)";
				TEST_HOST = "$(BUILT_PRODUCTS_DIR)/RSSReader.app/RSSReader";
			};
			name = Debug;
		};
		854DE7B51A9694C800B441ED /* Release */ = {
			isa = XCBuildConfiguration;
			buildSettings = {
				BUNDLE_LOADER = "$(TEST_HOST)";
				FRAMEWORK_SEARCH_PATHS = (
					"$(SDKROOT)/Developer/Library/Frameworks",
					"$(inherited)",
				);
				INFOPLIST_FILE = RSSReaderTests/Info.plist;
				LD_RUNPATH_SEARCH_PATHS = "$(inherited) @executable_path/Frameworks @loader_path/Frameworks";
				PRODUCT_NAME = "$(TARGET_NAME)";
				TEST_HOST = "$(BUILT_PRODUCTS_DIR)/RSSReader.app/RSSReader";
			};
			name = Release;
		};
/* End XCBuildConfiguration section */

/* Begin XCConfigurationList section */
		854DE78C1A9694C800B441ED /* Build configuration list for PBXProject "RSSReader" */ = {
			isa = XCConfigurationList;
			buildConfigurations = (
				854DE7AE1A9694C800B441ED /* Debug */,
				854DE7AF1A9694C800B441ED /* Release */,
			);
			defaultConfigurationIsVisible = 0;
			defaultConfigurationName = Release;
		};
		854DE7B01A9694C800B441ED /* Build configuration list for PBXNativeTarget "RSSReader" */ = {
			isa = XCConfigurationList;
			buildConfigurations = (
				854DE7B11A9694C800B441ED /* Debug */,
				854DE7B21A9694C800B441ED /* Release */,
			);
			defaultConfigurationIsVisible = 0;
		};
		854DE7B31A9694C800B441ED /* Build configuration list for PBXNativeTarget "RSSReaderTests" */ = {
			isa = XCConfigurationList;
			buildConfigurations = (
				854DE7B41A9694C800B441ED /* Debug */,
				854DE7B51A9694C800B441ED /* Release */,
			);
			defaultConfigurationIsVisible = 0;
		};
/* End XCConfigurationList section */
	};
	rootObject = 854DE7891A9694C800B441ED /* Project object */;
}
